# This file is automatically @generated by Cargo.
# It is not intended for manual editing.
version = 4

[[package]]
name = "bitflags"
version = "2.13.2"
source = "registry+https://github.com/rust-lang/crates.io-index"
checksum = "3ded4057c258ba199e2d26386d3af3780957ecaee6c4ef4041c6b4b8b97c0b06"

[[package]]
name = "keyring"
version = "3.6.3"
source = "registry+https://github.com/rust-lang/crates.io-index"
checksum = "eebcc3aff044e5944a8fbaf69eb277d11986064cba30c468730e8b9909fb551c"
dependencies = [
 "linux-keyutils",
 "log",
 "zeroize",
]

[[package]]
name = "keyring-core"
version = "1.0.0"
source = "registry+https://github.com/rust-lang/crates.io-index"
checksum = "fb1e621458ca9c51aa110bd0339d4751a056b9576bf1253aee1aa560dda0fc9d"
dependencies = [
 "log",
]

[[package]]
name = "keyring-keyutils"
version = "0.0.0"
dependencies = [
 "keyring",
 "keyring-core",
 "linux-keyutils-keyring-store",
]

[[package]]
name = "libc"
version = "0.2.189"
source = "registry+https://github.com/rust-lang/crates.io-index"
checksum = "3eaf3ede3fee6db1a4c2ee091bf8a8b4dccdc6d17f656fb07896ee72867612f2"

[[package]]
name = "linux-keyutils"
version = "0.2.5"
source = "registry+https://github.com/rust-lang/crates.io-index"
checksum = "83270a18e9f90d0707c41e9f35efada77b64c0e6f3f1810e71c8368a864d5590"
dependencies = [
 "bitflags",
 "libc",
]

[[package]]
name = "linux-keyutils-keyring-store"
version = "1.0.0"
source = "registry+https://github.com/rust-lang/crates.io-index"
checksum = "39fbed79f71dc21eb21d3d07c0e908a3c58ff9a1fdbf5cf44230fb3deb6d994b"
dependencies = [
 "keyring-core",
 "linux-keyutils",
]

[[package]]
name = "log"
version = "0.4.34"
source = "registry+https://github.com/rust-lang/crates.io-index"
checksum = "f9f8bd3e56ce4dfc153cf470fffbfa98c7620958b312ca5c3a4b8d5181fd13c6"

[[package]]
name = "zeroize"
version = "1.9.0"
source = "registry+https://github.com/rust-lang/crates.io-index"
checksum = "e13c156562582aa81c60cb29407084cdb54c4164760106ab78e6c5b0858cf64e"
